
Microsoft Visual Studio Solution File, Format Version 12.00
# Visual Studio Express 2012 for Web
Project("{FAE04EC0-301F-11D3-BF4B-00C04F79EFBC}") = "WebrootUI2.Web.Mvc", "WebrootUI2.Web.Mvc\WebrootUI2.Web.Mvc.csproj", "{39613BA0-1206-4A4B-A16A-C1F2A22D1267}"
	ProjectSection(ProjectDependencies) = postProject
		{9544D94B-9B6E-4B61-8A09-88382205BF86} = {9544D94B-9B6E-4B61-8A09-88382205BF86}
		{BA5EB095-958B-4098-B57F-419F61B7C41B} = {BA5EB095-958B-4098-B57F-419F61B7C41B}
		{8DEF56CD-601E-443C-9DCE-C4EC54C0B6A6} = {8DEF56CD-601E-443C-9DCE-C4EC54C0B6A6}
	EndProjectSection
EndProject
Project("{2150E333-8FDC-42A3-9474-1A3956D46DE8}") = ".nuget", ".nuget", "{5F9F2D5C-539E-4046-A673-E57260B72CF3}"
	ProjectSection(SolutionItems) = preProject
		.nuget\NuGet.Config = .nuget\NuGet.Config
		.nuget\NuGet.exe = .nuget\NuGet.exe
		.nuget\NuGet.targets = .nuget\NuGet.targets
	EndProjectSection
EndProject
Project("{FAE04EC0-301F-11D3-BF4B-00C04F79EFBC}") = "WebrootUI2.Domain", "WebrootUI2.Domain\WebrootUI2.Domain.csproj", "{8DEF56CD-601E-443C-9DCE-C4EC54C0B6A6}"
EndProject
Project("{FAE04EC0-301F-11D3-BF4B-00C04F79EFBC}") = "WebrootUI2.Infrastructure", "WebrootUI2.Infrastructure\WebrootUI2.Infrastructure.csproj", "{9544D94B-9B6E-4B61-8A09-88382205BF86}"
EndProject
Project("{FAE04EC0-301F-11D3-BF4B-00C04F79EFBC}") = "WebrootUI2.Resources", "WebrootUI2.Resources\WebrootUI2.Resources.csproj", "{BA5EB095-958B-4098-B57F-419F61B7C41B}"
EndProject
Project("{FAE04EC0-301F-11D3-BF4B-00C04F79EFBC}") = "WebrootUI2.Tasks", "WebrootUI2.Tasks\WebrootUI2.Tasks.csproj", "{C9AAC14B-E695-4508-83B7-ACB8FC5A7284}"
EndProject
Project("{FAE04EC0-301F-11D3-BF4B-00C04F79EFBC}") = "WebrootUI2.Tests", "WebrootUI2.Tests\WebrootUI2.Tests.csproj", "{CC4A233E-BE8A-47CC-A87C-8352BFD557B7}"
EndProject
Global
	GlobalSection(SolutionConfigurationPlatforms) = preSolution
		Debug|Any CPU = Debug|Any CPU
		Release|Any CPU = Release|Any CPU
	EndGlobalSection
	GlobalSection(ProjectConfigurationPlatforms) = postSolution
		{39613BA0-1206-4A4B-A16A-C1F2A22D1267}.Debug|Any CPU.ActiveCfg = Debug|Any CPU
		{39613BA0-1206-4A4B-A16A-C1F2A22D1267}.Debug|Any CPU.Build.0 = Debug|Any CPU
		{39613BA0-1206-4A4B-A16A-C1F2A22D1267}.Release|Any CPU.ActiveCfg = Release|Any CPU
		{39613BA0-1206-4A4B-A16A-C1F2A22D1267}.Release|Any CPU.Build.0 = Release|Any CPU
		{8DEF56CD-601E-443C-9DCE-C4EC54C0B6A6}.Debug|Any CPU.ActiveCfg = Debug|Any CPU
		{8DEF56CD-601E-443C-9DCE-C4EC54C0B6A6}.Debug|Any CPU.Build.0 = Debug|Any CPU
		{8DEF56CD-601E-443C-9DCE-C4EC54C0B6A6}.Release|Any CPU.ActiveCfg = Release|Any CPU
		{8DEF56CD-601E-443C-9DCE-C4EC54C0B6A6}.Release|Any CPU.Build.0 = Release|Any CPU
		{9544D94B-9B6E-4B61-8A09-88382205BF86}.Debug|Any CPU.ActiveCfg = Debug|Any CPU
		{9544D94B-9B6E-4B61-8A09-88382205BF86}.Debug|Any CPU.Build.0 = Debug|Any CPU
		{9544D94B-9B6E-4B61-8A09-88382205BF86}.Release|Any CPU.ActiveCfg = Release|Any CPU
		{9544D94B-9B6E-4B61-8A09-88382205BF86}.Release|Any CPU.Build.0 = Release|Any CPU
		{BA5EB095-958B-4098-B57F-419F61B7C41B}.Debug|Any CPU.ActiveCfg = Debug|Any CPU
		{BA5EB095-958B-4098-B57F-419F61B7C41B}.Debug|Any CPU.Build.0 = Debug|Any CPU
		{BA5EB095-958B-4098-B57F-419F61B7C41B}.Release|Any CPU.ActiveCfg = Release|Any CPU
		{BA5EB095-958B-4098-B57F-419F61B7C41B}.Release|Any CPU.Build.0 = Release|Any CPU
		{C9AAC14B-E695-4508-83B7-ACB8FC5A7284}.Debug|Any CPU.ActiveCfg = Debug|Any CPU
		{C9AAC14B-E695-4508-83B7-ACB8FC5A7284}.Debug|Any CPU.Build.0 = Debug|Any CPU
		{C9AAC14B-E695-4508-83B7-ACB8FC5A7284}.Release|Any CPU.ActiveCfg = Release|Any CPU
		{C9AAC14B-E695-4508-83B7-ACB8FC5A7284}.Release|Any CPU.Build.0 = Release|Any CPU
		{CC4A233E-BE8A-47CC-A87C-8352BFD557B7}.Debug|Any CPU.ActiveCfg = Debug|Any CPU
		{CC4A233E-BE8A-47CC-A87C-8352BFD557B7}.Debug|Any CPU.Build.0 = Debug|Any CPU
		{CC4A233E-BE8A-47CC-A87C-8352BFD557B7}.Release|Any CPU.ActiveCfg = Release|Any CPU
		{CC4A233E-BE8A-47CC-A87C-8352BFD557B7}.Release|Any CPU.Build.0 = Release|Any CPU
	EndGlobalSection
	GlobalSection(SolutionProperties) = preSolution
		HideSolutionNode = FALSE
	EndGlobalSection
EndGlobal
